gom 'code.google.com/p/go.net/websocket'
gom 'code.google.com/p/go-uuid/uuid'
gom 'git.eclipse.org/gitroot/paho/org.eclipse.paho.mqtt.golang.git', :commit => '755e3fcf01e9787889db9a3272e33a75795e88ff'
gom 'github.com/goburrow/serial', :commit => 'bf1bf09b87e3ec7436f34f09ae59ce10537366ac'
gom 'github.com/stretchr/testify', :commit => '33a31e5dbed8302d5ab7e6d12b416e95c2c4ebc0'
gom 'github.com/contactless/wbgo', :commit => '21ef564e951d0304fff9637f9fb0a616a2433dea'
