gom 'code.google.com/p/go.net/websocket'
gom 'git.eclipse.org/gitroot/paho/org.eclipse.paho.mqtt.golang.git', :commit => '1d6536402dac4b2528bc23f08ecc318c295c320a'
gom 'github.com/goburrow/serial', :commit => 'bf1bf09b87e3ec7436f34f09ae59ce10537366ac'
gom 'github.com/stretchr/testify', :commit => '33a31e5dbed8302d5ab7e6d12b416e95c2c4ebc0'
gom 'github.com/contactless/wbgo', :commit => '60aaab26c77c67741e9ccd04e6b3ca66dc73a069'
