gom 'code.google.com/p/go.net/websocket'
gom 'git.eclipse.org/gitroot/paho/org.eclipse.paho.mqtt.golang.git', :commit => '3e58ec10bf2da9ef3fc639d12a0eb2e3596c2df7'
gom 'github.com/ivan4th/serial', :commit => '30dcf49fef431bbdd57736eff424b4840407b1f0'
gom 'github.com/stretchr/testify', :commit => '33a31e5dbed8302d5ab7e6d12b416e95c2c4ebc0'
gom 'github.com/contactless/wbgo', :commit => '77598c47930bea1a7f844da08702d5d426610801'
